
Microsoft Visual Studio Solution File, Format Version 12.00
# Visual Studio Version 17
VisualStudioVersion = 17.13.35931.197 d17.13
MinimumVisualStudioVersion = 10.0.40219.1
Project("{FAE04EC0-301F-11D3-BF4B-00C04F79EFBC}") = "Assignment3", "Assignment3.csproj", "{1923F65C-3E04-4207-9D06-D78B0550BA65}"
EndProject
Global
	GlobalSection(SolutionConfigurationPlatforms) = preSolution
		Debug|Any CPU = Debug|Any CPU
		Release|Any CPU = Release|Any CPU
	EndGlobalSection
	GlobalSection(ProjectConfigurationPlatforms) = postSolution
		{1923F65C-3E04-4207-9D06-D78B0550BA65}.Debug|Any CPU.ActiveCfg = Debug|Any CPU
		{1923F65C-3E04-4207-9D06-D78B0550BA65}.Debug|Any CPU.Build.0 = Debug|Any CPU
		{1923F65C-3E04-4207-9D06-D78B0550BA65}.Release|Any CPU.ActiveCfg = Release|Any CPU
		{1923F65C-3E04-4207-9D06-D78B0550BA65}.Release|Any CPU.Build.0 = Release|Any CPU
	EndGlobalSection
	GlobalSection(SolutionProperties) = preSolution
		HideSolutionNode = FALSE
	EndGlobalSection
	GlobalSection(ExtensibilityGlobals) = postSolution
		SolutionGuid = {45053A87-1E0C-4B03-A61E-D5E9A99F2B5E}
	EndGlobalSection
EndGlobal
